
Microsoft Visual Studio Solution File, Format Version 12.00
# Visual Studio 15
VisualStudioVersion = 15.0.27004.2005
MinimumVisualStudioVersion = 10.0.40219.1
Project("{FAE04EC0-301F-11D3-BF4B-00C04F79EFBC}") = "Bowling.Domain", "Basket.Domain\Bowling.Domain.csproj", "{3E00C688-EDBB-45CE-A3C0-0ECDF27DCA62}"
EndProject
Project("{FAE04EC0-301F-11D3-BF4B-00C04F79EFBC}") = "Bowling.Tests", "Bowling.Tests\Bowling.Tests.csproj", "{554AEB51-3574-4895-9BDF-FA4FA44DF2F1}"
EndProject
Project("{FAE04EC0-301F-11D3-BF4B-00C04F79EFBC}") = "Bowling.Interfaces", "Bowling.Interfaces\Bowling.Interfaces.csproj", "{71EBE995-4678-4299-9EBE-54ED1C1AB7CD}"
EndProject
Project("{FAE04EC0-301F-11D3-BF4B-00C04F79EFBC}") = "Bowling.Infrastructure", "Bowling.Infrastructure\Bowling.Infrastructure.csproj", "{F0815752-5D81-4D25-AFFD-DA65ED90A23D}"
EndProject
Project("{FAE04EC0-301F-11D3-BF4B-00C04F79EFBC}") = "Bowling.ApplicationServices", "Bowling.ApplicationServices\Bowling.ApplicationServices.csproj", "{A1C267DD-0E35-46F0-B6B2-C795A59B0DB5}"
EndProject
Project("{FAE04EC0-301F-11D3-BF4B-00C04F79EFBC}") = "Bowling.Dtos", "Bowling.Dtos\Bowling.Dtos.csproj", "{9481E606-224B-45DC-8130-75AF1121B12F}"
EndProject
Project("{FAE04EC0-301F-11D3-BF4B-00C04F79EFBC}") = "Bowling.Api", "Bowling.Api\Bowling.Api.csproj", "{A4161076-A0B3-4B10-84A1-094263842A9C}"
EndProject
Global
	GlobalSection(SolutionConfigurationPlatforms) = preSolution
		Debug|Any CPU = Debug|Any CPU
		Release|Any CPU = Release|Any CPU
	EndGlobalSection
	GlobalSection(ProjectConfigurationPlatforms) = postSolution
		{3E00C688-EDBB-45CE-A3C0-0ECDF27DCA62}.Debug|Any CPU.ActiveCfg = Debug|Any CPU
		{3E00C688-EDBB-45CE-A3C0-0ECDF27DCA62}.Debug|Any CPU.Build.0 = Debug|Any CPU
		{3E00C688-EDBB-45CE-A3C0-0ECDF27DCA62}.Release|Any CPU.ActiveCfg = Release|Any CPU
		{3E00C688-EDBB-45CE-A3C0-0ECDF27DCA62}.Release|Any CPU.Build.0 = Release|Any CPU
		{554AEB51-3574-4895-9BDF-FA4FA44DF2F1}.Debug|Any CPU.ActiveCfg = Debug|Any CPU
		{554AEB51-3574-4895-9BDF-FA4FA44DF2F1}.Debug|Any CPU.Build.0 = Debug|Any CPU
		{554AEB51-3574-4895-9BDF-FA4FA44DF2F1}.Release|Any CPU.ActiveCfg = Release|Any CPU
		{554AEB51-3574-4895-9BDF-FA4FA44DF2F1}.Release|Any CPU.Build.0 = Release|Any CPU
		{71EBE995-4678-4299-9EBE-54ED1C1AB7CD}.Debug|Any CPU.ActiveCfg = Debug|Any CPU
		{71EBE995-4678-4299-9EBE-54ED1C1AB7CD}.Debug|Any CPU.Build.0 = Debug|Any CPU
		{71EBE995-4678-4299-9EBE-54ED1C1AB7CD}.Release|Any CPU.ActiveCfg = Release|Any CPU
		{71EBE995-4678-4299-9EBE-54ED1C1AB7CD}.Release|Any CPU.Build.0 = Release|Any CPU
		{F0815752-5D81-4D25-AFFD-DA65ED90A23D}.Debug|Any CPU.ActiveCfg = Debug|Any CPU
		{F0815752-5D81-4D25-AFFD-DA65ED90A23D}.Debug|Any CPU.Build.0 = Debug|Any CPU
		{F0815752-5D81-4D25-AFFD-DA65ED90A23D}.Release|Any CPU.ActiveCfg = Release|Any CPU
		{F0815752-5D81-4D25-AFFD-DA65ED90A23D}.Release|Any CPU.Build.0 = Release|Any CPU
		{A1C267DD-0E35-46F0-B6B2-C795A59B0DB5}.Debug|Any CPU.ActiveCfg = Debug|Any CPU
		{A1C267DD-0E35-46F0-B6B2-C795A59B0DB5}.Debug|Any CPU.Build.0 = Debug|Any CPU
		{A1C267DD-0E35-46F0-B6B2-C795A59B0DB5}.Release|Any CPU.ActiveCfg = Release|Any CPU
		{A1C267DD-0E35-46F0-B6B2-C795A59B0DB5}.Release|Any CPU.Build.0 = Release|Any CPU
		{9481E606-224B-45DC-8130-75AF1121B12F}.Debug|Any CPU.ActiveCfg = Debug|Any CPU
		{9481E606-224B-45DC-8130-75AF1121B12F}.Debug|Any CPU.Build.0 = Debug|Any CPU
		{9481E606-224B-45DC-8130-75AF1121B12F}.Release|Any CPU.ActiveCfg = Release|Any CPU
		{9481E606-224B-45DC-8130-75AF1121B12F}.Release|Any CPU.Build.0 = Release|Any CPU
		{A4161076-A0B3-4B10-84A1-094263842A9C}.Debug|Any CPU.ActiveCfg = Debug|Any CPU
		{A4161076-A0B3-4B10-84A1-094263842A9C}.Debug|Any CPU.Build.0 = Debug|Any CPU
		{A4161076-A0B3-4B10-84A1-094263842A9C}.Release|Any CPU.ActiveCfg = Release|Any CPU
		{A4161076-A0B3-4B10-84A1-094263842A9C}.Release|Any CPU.Build.0 = Release|Any CPU
	EndGlobalSection
	GlobalSection(SolutionProperties) = preSolution
		HideSolutionNode = FALSE
	EndGlobalSection
	GlobalSection(ExtensibilityGlobals) = postSolution
		SolutionGuid = {9B192796-81C1-43B1-9131-4159FC68D88F}
	EndGlobalSection
EndGlobal
